
Microsoft Visual Studio Solution File, Format Version 12.00
# Visual Studio Version 17
VisualStudioVersion = 17.0.31903.59
MinimumVisualStudioVersion = 10.0.40219.1
Project("{6EC3EE1D-3C4E-46DD-8F32-0CC8E7565705}") = "AoC2022.Day1", "AoC2022.Day1\AoC2022.Day1.fsproj", "{B773577A-BFEF-4355-B9C2-EDFBB56C556B}"
EndProject
Project("{6EC3EE1D-3C4E-46DD-8F32-0CC8E7565705}") = "AoC2022.Common", "AoC2022.Common\AoC2022.Common.fsproj", "{FC2B9B49-5593-499C-A9FB-0E0C6F96CC4B}"
EndProject
Project("{6EC3EE1D-3C4E-46DD-8F32-0CC8E7565705}") = "AoC2022.Day2", "AoC2022.Day2\AoC2022.Day2.fsproj", "{3E734B20-69ED-4A25-A9EE-B41720D3EE11}"
EndProject
Project("{6EC3EE1D-3C4E-46DD-8F32-0CC8E7565705}") = "AoC2022.Day3", "AoC2022.Day3\AoC2022.Day3.fsproj", "{864BCF9A-3EAB-4855-9C09-505BB7BF1208}"
EndProject
Project("{6EC3EE1D-3C4E-46DD-8F32-0CC8E7565705}") = "AoC2022.Day4", "AoC2022.Day4\AoC2022.Day4.fsproj", "{0181FA1C-98EE-42D0-9112-35BF02763E3C}"
EndProject
Project("{6EC3EE1D-3C4E-46DD-8F32-0CC8E7565705}") = "AoC2022.Day5", "AoC2022.Day5\AoC2022.Day5.fsproj", "{86F10581-19A9-4F94-841D-F76A4A0F8586}"
EndProject
Project("{6EC3EE1D-3C4E-46DD-8F32-0CC8E7565705}") = "AoC2022.Day6", "AoC2022.Day6\AoC2022.Day6.fsproj", "{707811F3-78ED-4D50-AF75-AB0D85D69F98}"
EndProject
Project("{6EC3EE1D-3C4E-46DD-8F32-0CC8E7565705}") = "AoC2022.Day7", "AoC2022.Day7\AoC2022.Day7.fsproj", "{24C2AEDA-9FC2-49F5-ABC2-B0F77FE75FD2}"
EndProject
Project("{6EC3EE1D-3C4E-46DD-8F32-0CC8E7565705}") = "AoC2022.Day8", "AoC2022.Day8\AoC2022.Day8.fsproj", "{27E4F276-3F54-4A2A-848D-083CB1D72A3B}"
EndProject
Project("{6EC3EE1D-3C4E-46DD-8F32-0CC8E7565705}") = "AoC2022.Day9", "AoC2022.Day9\AoC2022.Day9.fsproj", "{D28E1739-0EE5-4D99-BFA2-BDEF5CA3B12E}"
EndProject
Project("{F2A71F9B-5D33-465A-A702-920D77279786}") = "AoC2022.Day10", "AoC2022.Day10\AoC2022.Day10.fsproj", "{DC31313E-51D6-4F70-8727-18ED4496264F}"
EndProject
Project("{F2A71F9B-5D33-465A-A702-920D77279786}") = "AoC2022.Day11", "AoC2022.Day11\AoC2022.Day11.fsproj", "{2DAF63B5-A840-44BB-8D4A-7EBEA2300F40}"
EndProject
Global
	GlobalSection(SolutionConfigurationPlatforms) = preSolution
		Debug|Any CPU = Debug|Any CPU
		Release|Any CPU = Release|Any CPU
	EndGlobalSection
	GlobalSection(ProjectConfigurationPlatforms) = postSolution
		{B773577A-BFEF-4355-B9C2-EDFBB56C556B}.Debug|Any CPU.ActiveCfg = Debug|Any CPU
		{B773577A-BFEF-4355-B9C2-EDFBB56C556B}.Debug|Any CPU.Build.0 = Debug|Any CPU
		{B773577A-BFEF-4355-B9C2-EDFBB56C556B}.Release|Any CPU.ActiveCfg = Release|Any CPU
		{B773577A-BFEF-4355-B9C2-EDFBB56C556B}.Release|Any CPU.Build.0 = Release|Any CPU
		{FC2B9B49-5593-499C-A9FB-0E0C6F96CC4B}.Debug|Any CPU.ActiveCfg = Debug|Any CPU
		{FC2B9B49-5593-499C-A9FB-0E0C6F96CC4B}.Debug|Any CPU.Build.0 = Debug|Any CPU
		{FC2B9B49-5593-499C-A9FB-0E0C6F96CC4B}.Release|Any CPU.ActiveCfg = Release|Any CPU
		{FC2B9B49-5593-499C-A9FB-0E0C6F96CC4B}.Release|Any CPU.Build.0 = Release|Any CPU
		{3E734B20-69ED-4A25-A9EE-B41720D3EE11}.Debug|Any CPU.ActiveCfg = Debug|Any CPU
		{3E734B20-69ED-4A25-A9EE-B41720D3EE11}.Debug|Any CPU.Build.0 = Debug|Any CPU
		{3E734B20-69ED-4A25-A9EE-B41720D3EE11}.Release|Any CPU.ActiveCfg = Release|Any CPU
		{3E734B20-69ED-4A25-A9EE-B41720D3EE11}.Release|Any CPU.Build.0 = Release|Any CPU
		{864BCF9A-3EAB-4855-9C09-505BB7BF1208}.Debug|Any CPU.ActiveCfg = Debug|Any CPU
		{864BCF9A-3EAB-4855-9C09-505BB7BF1208}.Debug|Any CPU.Build.0 = Debug|Any CPU
		{864BCF9A-3EAB-4855-9C09-505BB7BF1208}.Release|Any CPU.ActiveCfg = Release|Any CPU
		{864BCF9A-3EAB-4855-9C09-505BB7BF1208}.Release|Any CPU.Build.0 = Release|Any CPU
		{0181FA1C-98EE-42D0-9112-35BF02763E3C}.Debug|Any CPU.ActiveCfg = Debug|Any CPU
		{0181FA1C-98EE-42D0-9112-35BF02763E3C}.Debug|Any CPU.Build.0 = Debug|Any CPU
		{0181FA1C-98EE-42D0-9112-35BF02763E3C}.Release|Any CPU.ActiveCfg = Release|Any CPU
		{0181FA1C-98EE-42D0-9112-35BF02763E3C}.Release|Any CPU.Build.0 = Release|Any CPU
		{86F10581-19A9-4F94-841D-F76A4A0F8586}.Debug|Any CPU.ActiveCfg = Debug|Any CPU
		{86F10581-19A9-4F94-841D-F76A4A0F8586}.Debug|Any CPU.Build.0 = Debug|Any CPU
		{86F10581-19A9-4F94-841D-F76A4A0F8586}.Release|Any CPU.ActiveCfg = Release|Any CPU
		{86F10581-19A9-4F94-841D-F76A4A0F8586}.Release|Any CPU.Build.0 = Release|Any CPU
		{707811F3-78ED-4D50-AF75-AB0D85D69F98}.Debug|Any CPU.ActiveCfg = Debug|Any CPU
		{707811F3-78ED-4D50-AF75-AB0D85D69F98}.Debug|Any CPU.Build.0 = Debug|Any CPU
		{707811F3-78ED-4D50-AF75-AB0D85D69F98}.Release|Any CPU.ActiveCfg = Release|Any CPU
		{707811F3-78ED-4D50-AF75-AB0D85D69F98}.Release|Any CPU.Build.0 = Release|Any CPU
		{24C2AEDA-9FC2-49F5-ABC2-B0F77FE75FD2}.Debug|Any CPU.ActiveCfg = Debug|Any CPU
		{24C2AEDA-9FC2-49F5-ABC2-B0F77FE75FD2}.Debug|Any CPU.Build.0 = Debug|Any CPU
		{24C2AEDA-9FC2-49F5-ABC2-B0F77FE75FD2}.Release|Any CPU.ActiveCfg = Release|Any CPU
		{24C2AEDA-9FC2-49F5-ABC2-B0F77FE75FD2}.Release|Any CPU.Build.0 = Release|Any CPU
		{27E4F276-3F54-4A2A-848D-083CB1D72A3B}.Debug|Any CPU.ActiveCfg = Debug|Any CPU
		{27E4F276-3F54-4A2A-848D-083CB1D72A3B}.Debug|Any CPU.Build.0 = Debug|Any CPU
		{27E4F276-3F54-4A2A-848D-083CB1D72A3B}.Release|Any CPU.ActiveCfg = Release|Any CPU
		{27E4F276-3F54-4A2A-848D-083CB1D72A3B}.Release|Any CPU.Build.0 = Release|Any CPU
		{D28E1739-0EE5-4D99-BFA2-BDEF5CA3B12E}.Debug|Any CPU.ActiveCfg = Debug|Any CPU
		{D28E1739-0EE5-4D99-BFA2-BDEF5CA3B12E}.Debug|Any CPU.Build.0 = Debug|Any CPU
		{D28E1739-0EE5-4D99-BFA2-BDEF5CA3B12E}.Release|Any CPU.ActiveCfg = Release|Any CPU
		{D28E1739-0EE5-4D99-BFA2-BDEF5CA3B12E}.Release|Any CPU.Build.0 = Release|Any CPU
		{DC31313E-51D6-4F70-8727-18ED4496264F}.Debug|Any CPU.ActiveCfg = Debug|Any CPU
		{DC31313E-51D6-4F70-8727-18ED4496264F}.Debug|Any CPU.Build.0 = Debug|Any CPU
		{DC31313E-51D6-4F70-8727-18ED4496264F}.Release|Any CPU.ActiveCfg = Release|Any CPU
		{DC31313E-51D6-4F70-8727-18ED4496264F}.Release|Any CPU.Build.0 = Release|Any CPU
		{2DAF63B5-A840-44BB-8D4A-7EBEA2300F40}.Debug|Any CPU.ActiveCfg = Debug|Any CPU
		{2DAF63B5-A840-44BB-8D4A-7EBEA2300F40}.Debug|Any CPU.Build.0 = Debug|Any CPU
		{2DAF63B5-A840-44BB-8D4A-7EBEA2300F40}.Release|Any CPU.ActiveCfg = Release|Any CPU
		{2DAF63B5-A840-44BB-8D4A-7EBEA2300F40}.Release|Any CPU.Build.0 = Release|Any CPU
	EndGlobalSection
	GlobalSection(SolutionProperties) = preSolution
		HideSolutionNode = FALSE
	EndGlobalSection
	GlobalSection(ExtensibilityGlobals) = postSolution
		SolutionGuid = {06C93DB5-293E-4F5E-A47B-587431C3EC44}
	EndGlobalSection
EndGlobal
